<?xml version="1.0" encoding="utf-8"?>
<Project ToolsVersion="4.0" xmlns="http://schemas.microsoft.com/developer/msbuild/2003">
  <ItemGroup>
    <Filter Include="Headers">
      <UniqueIdentifier>{971132ee-0921-441f-bb23-65037e696cbf}</UniqueIdentifier>
    </Filter>
    <Filter Include="Sources">
      <UniqueIdentifier>{24d1d6cf-b2e9-47f3-9b21-e61f67fe7424}</UniqueIdentifier>
    </Filter>
  </ItemGroup>
  <ItemGroup>
    <ClInclude Include="..\Code\Headers\Scene.hpp">
      <Filter>Headers</Filter>
    </ClInclude>
    <ClInclude Include="..\Code\Headers\Camera.hpp">
      <Filter>Headers</Filter>
    </ClInclude>
    <ClInclude Include="..\Code\Headers\TextureLoader.hpp">
      <Filter>Headers</Filter>
    </ClInclude>
    <ClInclude Include="..\Code\Headers\Skybox.hpp">
      <Filter>Headers</Filter>
    </ClInclude>
    <ClInclude Include="..\Code\Headers\Window.hpp">
      <Filter>Headers</Filter>
    </ClInclude>
    <ClInclude Include="..\Code\Headers\ShaderProgram.hpp">
      <Filter>Headers</Filter>
    </ClInclude>
    <ClInclude Include="..\Code\Headers\Mesh.hpp">
      <Filter>Headers</Filter>
    </ClInclude>
    <ClInclude Include="..\Code\Headers\AssimpMesh.hpp">
      <Filter>Headers</Filter>
    </ClInclude>
    <ClInclude Include="..\Code\Headers\GeometryGenerator.hpp">
      <Filter>Headers</Filter>
    </ClInclude>
    <ClInclude Include="..\Code\Headers\SceneNode.hpp">
      <Filter>Headers</Filter>
    </ClInclude>
  </ItemGroup>
  <ItemGroup>
    <ClCompile Include="..\Code\Sources\main.cpp">
      <Filter>Sources</Filter>
    </ClCompile>
    <ClCompile Include="..\Code\Sources\Scene.cpp">
      <Filter>Sources</Filter>
    </ClCompile>
    <ClCompile Include="..\Code\Sources\Camera.cpp">
      <Filter>Sources</Filter>
    </ClCompile>
    <ClCompile Include="..\Code\Sources\TextureLoader.cpp">
      <Filter>Sources</Filter>
    </ClCompile>
    <ClCompile Include="..\Code\Sources\Skybox.cpp">
      <Filter>Sources</Filter>
    </ClCompile>
    <ClCompile Include="..\Code\Sources\Window.cpp">
      <Filter>Sources</Filter>
    </ClCompile>
    <ClCompile Include="..\Code\Sources\Mesh.cpp">
      <Filter>Sources</Filter>
    </ClCompile>
    <ClCompile Include="..\Code\Sources\ShaderProgram.cpp">
      <Filter>Sources</Filter>
    </ClCompile>
    <ClCompile Include="..\Code\Sources\AssimpMesh.cpp">
      <Filter>Sources</Filter>
    </ClCompile>
    <ClCompile Include="..\Code\Sources\GeometryGenerator.cpp">
      <Filter>Sources</Filter>
    </ClCompile>
    <ClCompile Include="..\Code\Sources\Object.cpp">
      <Filter>Sources</Filter>
    </ClCompile>
    <ClCompile Include="..\Code\Sources\SceneNode.cpp">
      <Filter>Sources</Filter>
    </ClCompile>
    <ClCompile Include="..\Code\Sources\stb_image.cpp">
      <Filter>Sources</Filter>
    </ClCompile>
  </ItemGroup>
  <ItemGroup>
    <None Include="..\Code\Headers\Object.hpp">
      <Filter>Headers</Filter>
    </None>
  </ItemGroup>
</Project>